name: refresh-frontend-lock

on:
  push:
    branches:
      - upgrade/lazy-ui-2-docs

permissions:
  contents: write

jobs:
  refresh:
    if: github.actor != 'github-actions[bot]'
    runs-on: ubuntu-latest
    steps:
      - uses: actions/checkout@v6

      - uses: actions/setup-node@v6
        with:
          node-version: '22'
          cache: npm

      - name: Refresh package lock
        run: npm install --package-lock-only

      - name: Commit package lock
        run: |
          if git diff --quiet -- package-lock.json; then
            exit 0
          fi

          git config user.name "github-actions[bot]"
          git config user.email "41898282+github-actions[bot]@users.noreply.github.com"
          git add package-lock.json
          git commit -m "Refresh frontend lock for daisyUI 5.7"
          git push
